
Microsoft Visual Studio Solution File, Format Version 12.00
# Visual Studio Version 17
VisualStudioVersion = 17.9.34728.123
MinimumVisualStudioVersion = 10.0.40219.1
Project("{FAE04EC0-301F-11D3-BF4B-00C04F79EFBC}") = "aodev1", "aodev1\aodev1.csproj", "{F3931290-622E-4157-A1A1-0117BA8E360D}"
EndProject
Global
	GlobalSection(SolutionConfigurationPlatforms) = preSolution
		Debug|Any CPU = Debug|Any CPU
		Release|Any CPU = Release|Any CPU
	EndGlobalSection
	GlobalSection(ProjectConfigurationPlatforms) = postSolution
		{F3931290-622E-4157-A1A1-0117BA8E360D}.Debug|Any CPU.ActiveCfg = Debug|Any CPU
		{F3931290-622E-4157-A1A1-0117BA8E360D}.Debug|Any CPU.Build.0 = Debug|Any CPU
		{F3931290-622E-4157-A1A1-0117BA8E360D}.Release|Any CPU.ActiveCfg = Release|Any CPU
		{F3931290-622E-4157-A1A1-0117BA8E360D}.Release|Any CPU.Build.0 = Release|Any CPU
	EndGlobalSection
	GlobalSection(SolutionProperties) = preSolution
		HideSolutionNode = FALSE
	EndGlobalSection
	GlobalSection(ExtensibilityGlobals) = postSolution
		SolutionGuid = {7C430DDA-93B7-4424-AAD6-9C76FF1BEEB4}
	EndGlobalSection
EndGlobal
