
Microsoft Visual Studio Solution File, Format Version 12.00
# Visual Studio Version 17
VisualStudioVersion = 17.9.34728.123
MinimumVisualStudioVersion = 10.0.40219.1
Project("{FAE04EC0-301F-11D3-BF4B-00C04F79EFBC}") = "HesapMakinesi", "MerhabaDunya\HesapMakinesi.csproj", "{645AD16D-C46E-4312-B25F-CD55720586D0}"
EndProject
Global
	GlobalSection(SolutionConfigurationPlatforms) = preSolution
		Debug|Any CPU = Debug|Any CPU
		Release|Any CPU = Release|Any CPU
	EndGlobalSection
	GlobalSection(ProjectConfigurationPlatforms) = postSolution
		{645AD16D-C46E-4312-B25F-CD55720586D0}.Debug|Any CPU.ActiveCfg = Debug|Any CPU
		{645AD16D-C46E-4312-B25F-CD55720586D0}.Debug|Any CPU.Build.0 = Debug|Any CPU
		{645AD16D-C46E-4312-B25F-CD55720586D0}.Release|Any CPU.ActiveCfg = Release|Any CPU
		{645AD16D-C46E-4312-B25F-CD55720586D0}.Release|Any CPU.Build.0 = Release|Any CPU
	EndGlobalSection
	GlobalSection(SolutionProperties) = preSolution
		HideSolutionNode = FALSE
	EndGlobalSection
	GlobalSection(ExtensibilityGlobals) = postSolution
		SolutionGuid = {EFA27B52-CBEC-438D-AAFA-70F4E2E1F9A9}
	EndGlobalSection
EndGlobal
